lockfileVersion: '9.0'

settings:
  autoInstallPeers: true
  excludeLinksFromLockfile: false

importers:

  .:
    dependencies:
      fluent-ffmpeg:
        specifier: ^2.1.2
        version: 2.1.3
      tasuku:
        specifier: ^2.0.1
        version: 2.0.1

packages:

  '@types/yoga-layout@1.9.2':
    resolution: {integrity: sha512-S9q47ByT2pPvD65IvrWp7qppVMpk9WGMbVq9wbWZOHg6tnXSD4vyhao6nOSBwwfDdV2p3Kx9evA9vI+XWTfDvw==}

  async@0.2.10:
    resolution: {integrity: sha512-eAkdoKxU6/LkKDBzLpT+t6Ff5EtfSF4wx1WfJiPEEV7WNLnDaRXk0oVysiEPm262roaachGexwUv94WhSgN5TQ==}

  fluent-ffmpeg@2.1.3:
    resolution: {integrity: sha512-Be3narBNt2s6bsaqP6Jzq91heDgOEaDCJAXcE3qcma/EJBSy5FB4cvO31XBInuAuKBx8Kptf8dkhjK0IOru39Q==}
    engines: {node: '>=18'}

  isexe@2.0.0:
    resolution: {integrity: sha512-RHxMLp9lnKHGHRng9QFhRCMbYAcVpn69smSGcq3f36xjgVVWThj4qqLbTLlq7Ssj8B+fIQ1EuCEGI2lKsyQeIw==}

  tasuku@2.0.1:
    resolution: {integrity: sha512-BXWDEJzpC1mUiOz5Csba85LS93o9a5pGKRTArLiXJZ2HGF/mXHIl+4SBF706Yxqg+GlJDQurvLxds8tC7EwyRA==}

  which@1.3.1:
    resolution: {integrity: sha512-HxJdYWq1MTIQbJ3nw0cqssHoTNU267KlrDuGZ1WYlxDStUtKUhOaJmh112/TZmHxxUfuJqPXSOm7tDyas0OSIQ==}
    hasBin: true

  yoga-layout-prebuilt@1.10.0:
    resolution: {integrity: sha512-YnOmtSbv4MTf7RGJMK0FvZ+KD8OEe/J5BNnR0GHhD8J/XcG/Qvxgszm0Un6FTHWW4uHlTgP0IztiXQnGyIR45g==}
    engines: {node: '>=8'}

snapshots:

  '@types/yoga-layout@1.9.2': {}

  async@0.2.10: {}

  fluent-ffmpeg@2.1.3:
    dependencies:
      async: 0.2.10
      which: 1.3.1

  isexe@2.0.0: {}

  tasuku@2.0.1:
    dependencies:
      yoga-layout-prebuilt: 1.10.0

  which@1.3.1:
    dependencies:
      isexe: 2.0.0

  yoga-layout-prebuilt@1.10.0:
    dependencies:
      '@types/yoga-layout': 1.9.2
