lockfileVersion: '9.0'

settings:
  autoInstallPeers: true
  excludeLinksFromLockfile: false

importers:

  .:
    dependencies:
      '@constructions-incongrues/faircamp-cms-config':
        specifier: ^0.3.0
        version: 0.3.0
      '@sveltia/cms':
        specifier: ^0.73.1
        version: 0.73.1

packages:

  '@constructions-incongrues/faircamp-cms-collections@0.1.0':
    resolution: {integrity: sha512-BluObaE5Ygro3uv10T6I9m+LZjWJxZqcQtcrth5Nwj3vHwmrbyQfOn3+PX/h+UvrQc5ftnd9hrFC9RpSR7qz0A==}

  '@constructions-incongrues/faircamp-cms-config@0.3.0':
    resolution: {integrity: sha512-eDOkIqvymhDtUhuwwERCJLvFZEjwhIUGnd2KtbJ3cS9Hhu6lJAS3nIkZLLsBy3ZqmD9FvGBYFXOu7aY85RUWjQ==}

  '@sveltia/cms@0.73.1':
    resolution: {integrity: sha512-+axtofXwQvjFp3bKvIe4WQ2DiaqPLQU6+8Yu6K2R5Ss+8q8nOep62YrlCm7i/qlashLC2aDwCcwh+J8CRkNXuQ==}

  lodash.merge@4.6.2:
    resolution: {integrity: sha512-0KpjqXRVvrYyCsX1swR/XTK0va6VQkQM6MNo7PqW77ByjAhoARA8EfrP1N4+KlKj8YS0ZUCtRT/YUuhyYDujIQ==}

  ts-essentials@9.4.2:
    resolution: {integrity: sha512-mB/cDhOvD7pg3YCLk2rOtejHjjdSi9in/IBYE13S+8WA5FBSraYf4V/ws55uvs0IvQ/l0wBOlXy5yBNZ9Bl8ZQ==}
    peerDependencies:
      typescript: '>=4.1.0'
    peerDependenciesMeta:
      typescript:
        optional: true

snapshots:

  '@constructions-incongrues/faircamp-cms-collections@0.1.0':
    dependencies:
      lodash.merge: 4.6.2
      ts-essentials: 9.4.2
    transitivePeerDependencies:
      - typescript

  '@constructions-incongrues/faircamp-cms-config@0.3.0':
    dependencies:
      '@constructions-incongrues/faircamp-cms-collections': 0.1.0
    transitivePeerDependencies:
      - typescript

  '@sveltia/cms@0.73.1': {}

  lodash.merge@4.6.2: {}

  ts-essentials@9.4.2: {}
